
Microsoft Visual Studio Solution File, Format Version 12.00
# Visual Studio Version 17
VisualStudioVersion = 17.2.32616.157
MinimumVisualStudioVersion = 10.0.40219.1
Project("{FAE04EC0-301F-11D3-BF4B-00C04F79EFBC}") = "Login-authenticator", "Login-authenticator.csproj", "{40528013-E61D-4578-8E62-8FC4F2FA2F54}"
EndProject
Global
	GlobalSection(SolutionConfigurationPlatforms) = preSolution
		Debug|Any CPU = Debug|Any CPU
		Release|Any CPU = Release|Any CPU
	EndGlobalSection
	GlobalSection(ProjectConfigurationPlatforms) = postSolution
		{40528013-E61D-4578-8E62-8FC4F2FA2F54}.Debug|Any CPU.ActiveCfg = Debug|Any CPU
		{40528013-E61D-4578-8E62-8FC4F2FA2F54}.Debug|Any CPU.Build.0 = Debug|Any CPU
		{40528013-E61D-4578-8E62-8FC4F2FA2F54}.Release|Any CPU.ActiveCfg = Release|Any CPU
		{40528013-E61D-4578-8E62-8FC4F2FA2F54}.Release|Any CPU.Build.0 = Release|Any CPU
	EndGlobalSection
	GlobalSection(SolutionProperties) = preSolution
		HideSolutionNode = FALSE
	EndGlobalSection
	GlobalSection(ExtensibilityGlobals) = postSolution
		SolutionGuid = {64B62525-F5DF-4574-94C8-E1ACB4F15964}
	EndGlobalSection
EndGlobal
